
Microsoft Visual Studio Solution File, Format Version 12.00
# Visual Studio 14
VisualStudioVersion = 14.0.25123.0
MinimumVisualStudioVersion = 10.0.40219.1
Project("{FAE04EC0-301F-11D3-BF4B-00C04F79EFBC}") = "ProjectMarkdown", "ProjectMarkdown\ProjectMarkdown.csproj", "{AAE21D62-129F-4ADB-B0AC-4A7F25A38EDD}"
EndProject
Project("{FAE04EC0-301F-11D3-BF4B-00C04F79EFBC}") = "ProjectMarkdown.MarkdownLibrary", "ProjectMarkdown.MarkdownLibrary\ProjectMarkdown.MarkdownLibrary.csproj", "{2DBE7815-5FE7-47FE-AEB4-E94A0EACA941}"
EndProject
Global
	GlobalSection(SolutionConfigurationPlatforms) = preSolution
		Debug|Any CPU = Debug|Any CPU
		Release|Any CPU = Release|Any CPU
	EndGlobalSection
	GlobalSection(ProjectConfigurationPlatforms) = postSolution
		{AAE21D62-129F-4ADB-B0AC-4A7F25A38EDD}.Debug|Any CPU.ActiveCfg = Debug|Any CPU
		{AAE21D62-129F-4ADB-B0AC-4A7F25A38EDD}.Debug|Any CPU.Build.0 = Debug|Any CPU
		{AAE21D62-129F-4ADB-B0AC-4A7F25A38EDD}.Release|Any CPU.ActiveCfg = Release|Any CPU
		{AAE21D62-129F-4ADB-B0AC-4A7F25A38EDD}.Release|Any CPU.Build.0 = Release|Any CPU
		{2DBE7815-5FE7-47FE-AEB4-E94A0EACA941}.Debug|Any CPU.ActiveCfg = Debug|Any CPU
		{2DBE7815-5FE7-47FE-AEB4-E94A0EACA941}.Debug|Any CPU.Build.0 = Debug|Any CPU
		{2DBE7815-5FE7-47FE-AEB4-E94A0EACA941}.Release|Any CPU.ActiveCfg = Release|Any CPU
		{2DBE7815-5FE7-47FE-AEB4-E94A0EACA941}.Release|Any CPU.Build.0 = Release|Any CPU
	EndGlobalSection
	GlobalSection(SolutionProperties) = preSolution
		HideSolutionNode = FALSE
	EndGlobalSection
EndGlobal
